
Microsoft Visual Studio Solution File, Format Version 12.00
# Visual Studio Version 17
VisualStudioVersion = 17.3.32929.385
MinimumVisualStudioVersion = 10.0.40219.1
Project("{FAE04EC0-301F-11D3-BF4B-00C04F79EFBC}") = "Winform Simple Calculator", "Winform Simple Calculator.csproj", "{D373FEB4-1756-42E7-AEAB-022CC568B715}"
EndProject
Global
	GlobalSection(SolutionConfigurationPlatforms) = preSolution
		Debug|Any CPU = Debug|Any CPU
		Release|Any CPU = Release|Any CPU
	EndGlobalSection
	GlobalSection(ProjectConfigurationPlatforms) = postSolution
		{D373FEB4-1756-42E7-AEAB-022CC568B715}.Debug|Any CPU.ActiveCfg = Debug|Any CPU
		{D373FEB4-1756-42E7-AEAB-022CC568B715}.Debug|Any CPU.Build.0 = Debug|Any CPU
		{D373FEB4-1756-42E7-AEAB-022CC568B715}.Release|Any CPU.ActiveCfg = Release|Any CPU
		{D373FEB4-1756-42E7-AEAB-022CC568B715}.Release|Any CPU.Build.0 = Release|Any CPU
	EndGlobalSection
	GlobalSection(SolutionProperties) = preSolution
		HideSolutionNode = FALSE
	EndGlobalSection
	GlobalSection(ExtensibilityGlobals) = postSolution
		SolutionGuid = {6448CD1B-FF29-4BE4-9D48-1886F40AD584}
	EndGlobalSection
EndGlobal
