
Microsoft Visual Studio Solution File, Format Version 12.00
# Visual Studio Version 17
VisualStudioVersion = 17.3.32929.385
MinimumVisualStudioVersion = 10.0.40219.1
Project("{9A19103F-16F7-4668-BE54-9A1E7A4F7556}") = "DatabaseExample", "DatabaseExample.csproj", "{D409F217-991C-4CBF-84E1-1068417867BE}"
EndProject
Global
	GlobalSection(SolutionConfigurationPlatforms) = preSolution
		Debug|Any CPU = Debug|Any CPU
		Release|Any CPU = Release|Any CPU
	EndGlobalSection
	GlobalSection(ProjectConfigurationPlatforms) = postSolution
		{D409F217-991C-4CBF-84E1-1068417867BE}.Debug|Any CPU.ActiveCfg = Debug|Any CPU
		{D409F217-991C-4CBF-84E1-1068417867BE}.Debug|Any CPU.Build.0 = Debug|Any CPU
		{D409F217-991C-4CBF-84E1-1068417867BE}.Release|Any CPU.ActiveCfg = Release|Any CPU
		{D409F217-991C-4CBF-84E1-1068417867BE}.Release|Any CPU.Build.0 = Release|Any CPU
	EndGlobalSection
	GlobalSection(SolutionProperties) = preSolution
		HideSolutionNode = FALSE
	EndGlobalSection
	GlobalSection(ExtensibilityGlobals) = postSolution
		SolutionGuid = {48385294-7FAA-408D-9564-0DA5607C2384}
	EndGlobalSection
EndGlobal
